
Microsoft Visual Studio Solution File, Format Version 12.00
# Visual Studio Version 17
VisualStudioVersion = 17.14.36310.24
MinimumVisualStudioVersion = 10.0.40219.1
Project("{FAE04EC0-301F-11D3-BF4B-00C04F79EFBC}") = "DgoApp", "DgoApp.csproj", "{916838C4-A44B-4001-A0A7-3B704AC4CC1B}"
EndProject
Project("{FAE04EC0-301F-11D3-BF4B-00C04F79EFBC}") = "DogsApp.Infrastructure", "DogsApp.Infrastructure\DogsApp.Infrastructure.csproj", "{4D6E0A33-D137-64E7-DC61-9BA6C7F0F768}"
EndProject
Project("{FAE04EC0-301F-11D3-BF4B-00C04F79EFBC}") = "DogApp.Core", "DogApp.Core\DogApp.Core.csproj", "{911F34A3-098C-046C-A3FE-A1E64FA83235}"
EndProject
Global
	GlobalSection(SolutionConfigurationPlatforms) = preSolution
		Debug|Any CPU = Debug|Any CPU
		Release|Any CPU = Release|Any CPU
	EndGlobalSection
	GlobalSection(ProjectConfigurationPlatforms) = postSolution
		{916838C4-A44B-4001-A0A7-3B704AC4CC1B}.Debug|Any CPU.ActiveCfg = Debug|Any CPU
		{916838C4-A44B-4001-A0A7-3B704AC4CC1B}.Debug|Any CPU.Build.0 = Debug|Any CPU
		{916838C4-A44B-4001-A0A7-3B704AC4CC1B}.Release|Any CPU.ActiveCfg = Release|Any CPU
		{916838C4-A44B-4001-A0A7-3B704AC4CC1B}.Release|Any CPU.Build.0 = Release|Any CPU
		{4D6E0A33-D137-64E7-DC61-9BA6C7F0F768}.Debug|Any CPU.ActiveCfg = Debug|Any CPU
		{4D6E0A33-D137-64E7-DC61-9BA6C7F0F768}.Debug|Any CPU.Build.0 = Debug|Any CPU
		{4D6E0A33-D137-64E7-DC61-9BA6C7F0F768}.Release|Any CPU.ActiveCfg = Release|Any CPU
		{4D6E0A33-D137-64E7-DC61-9BA6C7F0F768}.Release|Any CPU.Build.0 = Release|Any CPU
		{911F34A3-098C-046C-A3FE-A1E64FA83235}.Debug|Any CPU.ActiveCfg = Debug|Any CPU
		{911F34A3-098C-046C-A3FE-A1E64FA83235}.Debug|Any CPU.Build.0 = Debug|Any CPU
		{911F34A3-098C-046C-A3FE-A1E64FA83235}.Release|Any CPU.ActiveCfg = Release|Any CPU
		{911F34A3-098C-046C-A3FE-A1E64FA83235}.Release|Any CPU.Build.0 = Release|Any CPU
	EndGlobalSection
	GlobalSection(SolutionProperties) = preSolution
		HideSolutionNode = FALSE
	EndGlobalSection
	GlobalSection(ExtensibilityGlobals) = postSolution
		SolutionGuid = {99DDD295-0445-4207-BFD4-61579D950428}
	EndGlobalSection
EndGlobal
